DEPENDENCIES
  cookbook
    path: .
    metadata: true
  database
  hub
    git: https://github.com/drnic/chef-hub.git
    branch: master
    ref: bbfe752f3f12c4c6e1270c0e838098a8155f1385
  php-fpm

GRAPH
  apt (2.3.8)
  aws (2.1.0)
  bluepill (2.3.1)
    rsyslog (>= 0.0.0)
  build-essential (1.4.4)
  chef_handler (1.1.5)
  cookbook (0.1.0)
    apt (>= 0.0.0)
    database (>= 0.0.0)
    git (>= 0.0.0)
    hub (>= 0.0.0)
    mysql (>= 0.0.0)
    nginx (>= 0.0.0)
    php (>= 0.0.0)
    php-fpm (>= 0.0.0)
    php5_ppa (>= 0.0.0)
  database (2.0.0)
    aws (>= 0.0.0)
    mysql (>= 1.3.0)
    postgresql (>= 1.0.0)
    xfs (>= 0.0.0)
  dmg (2.2.0)
  git (3.1.0)
    build-essential (>= 0.0.0)
    dmg (>= 0.0.0)
    runit (>= 1.0.0)
    windows (>= 0.0.0)
    yum (~> 3.0)
    yum-epel (>= 0.0.0)
  homebrew (1.5.4)
  hub (1.0.4)
  iis (2.0.2)
    windows (>= 1.2.6)
  mysql (4.1.2)
    build-essential (~> 1.4)
    homebrew (>= 0.0.0)
    openssl (~> 1.1)
    windows (>= 0.0.0)
  nginx (2.4.2)
    apt (~> 2.2)
    bluepill (~> 2.3)
    build-essential (~> 1.4)
    ohai (~> 1.1)
    runit (~> 1.2)
    yum (~> 3.0)
    yum-epel (>= 0.0.0)
  ohai (1.1.12)
  openssl (1.1.0)
  php (1.4.4)
    build-essential (>= 0.0.0)
    iis (>= 0.0.0)
    mysql (>= 0.0.0)
    windows (>= 0.0.0)
    xml (>= 0.0.0)
    yum-epel (>= 0.0.0)
  php-fpm (0.6.4)
    apt (>= 0.0.0)
    yum (>= 0.0.0)
  php5_ppa (0.1.2)
    apt (>= 0.0.0)
  postgresql (3.3.4)
    apt (>= 0.0.0)
    build-essential (>= 0.0.0)
    openssl (>= 0.0.0)
  rsyslog (1.12.2)
  runit (1.5.10)
    build-essential (>= 0.0.0)
    yum (~> 3.0)
    yum-epel (>= 0.0.0)
  windows (1.30.0)
    chef_handler (>= 0.0.0)
  xfs (1.1.0)
  xml (1.2.2)
    build-essential (>= 0.0.0)
  yum (3.1.4)
  yum-epel (0.3.4)
    yum (~> 3.0)
